
Microsoft Visual Studio Solution File, Format Version 12.00
# Visual Studio Version 16
VisualStudioVersion = 16.0.30523.141
MinimumVisualStudioVersion = 10.0.40219.1
Project("{9A19103F-16F7-4668-BE54-9A1E7A4F7556}") = "MKTFY.Api", "MKTFY.Api\MKTFY.Api.csproj", "{B2DA92F7-DDE1-4EEA-9BEE-521ED9FBD92C}"
EndProject
Project("{E53339B2-1760-4266-BCC7-CA923CBCF16C}") = "docker-compose", "docker-compose.dcproj", "{3056E26A-11BF-4213-B310-662CAF8E5D22}"
EndProject
Project("{9A19103F-16F7-4668-BE54-9A1E7A4F7556}") = "MKTFY.Models", "MKTFY.Models\MKTFY.Models.csproj", "{3A035DEA-DCEB-478B-8166-30E4811A0B8F}"
EndProject
Project("{9A19103F-16F7-4668-BE54-9A1E7A4F7556}") = "MKTFY.App", "MKTFY.App\MKTFY.App.csproj", "{81518A43-CA4B-45E7-93BD-45994618B1F9}"
EndProject
Project("{9A19103F-16F7-4668-BE54-9A1E7A4F7556}") = "MKTFY.Auth", "MKTFY.Auth\MKTFY.Auth.csproj", "{8E4CE774-C7E7-45C0-B2DD-EEA9468A9D28}"
EndProject
Project("{2150E333-8FDC-42A3-9474-1A3956D46DE8}") = "Solution Items", "Solution Items", "{A50D18DC-70A8-4A2C-8E66-592887606F0E}"
	ProjectSection(SolutionItems) = preProject
		.gitignore = .gitignore
		buildspec.api.yml = buildspec.api.yml
		buildspec.auth.yml = buildspec.auth.yml
		.aws\credentials = .aws\credentials
		Dockerrun.aws.json = Dockerrun.aws.json
	EndProjectSection
EndProject
Global
	GlobalSection(SolutionConfigurationPlatforms) = preSolution
		Debug|Any CPU = Debug|Any CPU
		Release|Any CPU = Release|Any CPU
	EndGlobalSection
	GlobalSection(ProjectConfigurationPlatforms) = postSolution
		{B2DA92F7-DDE1-4EEA-9BEE-521ED9FBD92C}.Debug|Any CPU.ActiveCfg = Debug|Any CPU
		{B2DA92F7-DDE1-4EEA-9BEE-521ED9FBD92C}.Debug|Any CPU.Build.0 = Debug|Any CPU
		{B2DA92F7-DDE1-4EEA-9BEE-521ED9FBD92C}.Release|Any CPU.ActiveCfg = Release|Any CPU
		{B2DA92F7-DDE1-4EEA-9BEE-521ED9FBD92C}.Release|Any CPU.Build.0 = Release|Any CPU
		{3056E26A-11BF-4213-B310-662CAF8E5D22}.Debug|Any CPU.ActiveCfg = Debug|Any CPU
		{3056E26A-11BF-4213-B310-662CAF8E5D22}.Debug|Any CPU.Build.0 = Debug|Any CPU
		{3056E26A-11BF-4213-B310-662CAF8E5D22}.Release|Any CPU.ActiveCfg = Release|Any CPU
		{3056E26A-11BF-4213-B310-662CAF8E5D22}.Release|Any CPU.Build.0 = Release|Any CPU
		{3A035DEA-DCEB-478B-8166-30E4811A0B8F}.Debug|Any CPU.ActiveCfg = Debug|Any CPU
		{3A035DEA-DCEB-478B-8166-30E4811A0B8F}.Debug|Any CPU.Build.0 = Debug|Any CPU
		{3A035DEA-DCEB-478B-8166-30E4811A0B8F}.Release|Any CPU.ActiveCfg = Release|Any CPU
		{3A035DEA-DCEB-478B-8166-30E4811A0B8F}.Release|Any CPU.Build.0 = Release|Any CPU
		{81518A43-CA4B-45E7-93BD-45994618B1F9}.Debug|Any CPU.ActiveCfg = Debug|Any CPU
		{81518A43-CA4B-45E7-93BD-45994618B1F9}.Debug|Any CPU.Build.0 = Debug|Any CPU
		{81518A43-CA4B-45E7-93BD-45994618B1F9}.Release|Any CPU.ActiveCfg = Release|Any CPU
		{81518A43-CA4B-45E7-93BD-45994618B1F9}.Release|Any CPU.Build.0 = Release|Any CPU
		{8E4CE774-C7E7-45C0-B2DD-EEA9468A9D28}.Debug|Any CPU.ActiveCfg = Debug|Any CPU
		{8E4CE774-C7E7-45C0-B2DD-EEA9468A9D28}.Debug|Any CPU.Build.0 = Debug|Any CPU
		{8E4CE774-C7E7-45C0-B2DD-EEA9468A9D28}.Release|Any CPU.ActiveCfg = Release|Any CPU
		{8E4CE774-C7E7-45C0-B2DD-EEA9468A9D28}.Release|Any CPU.Build.0 = Release|Any CPU
	EndGlobalSection
	GlobalSection(SolutionProperties) = preSolution
		HideSolutionNode = FALSE
	EndGlobalSection
	GlobalSection(ExtensibilityGlobals) = postSolution
		SolutionGuid = {07F38E4F-A2DD-411A-9311-94A9BCE2A262}
	EndGlobalSection
EndGlobal
